
Microsoft Visual Studio Solution File, Format Version 12.00
# Visual Studio Version 17
VisualStudioVersion = 17.0.31903.59
MinimumVisualStudioVersion = 10.0.40219.1
Project("{9A19103F-16F7-4668-BE54-9A1E7A4F7556}") = "ExperienceConsole", "ExperienceConsole\ExperienceConsole.csproj", "{BB7A2E01-D126-45DA-95BA-1B207A662855}"
EndProject
Project("{9A19103F-16F7-4668-BE54-9A1E7A4F7556}") = "SingleResponsibility", "SingleResponsibility\SingleResponsibility.csproj", "{3A8758D6-69A0-46FD-A9B2-CC409FD4A125}"
EndProject
Project("{9A19103F-16F7-4668-BE54-9A1E7A4F7556}") = "OpenClosePrincible", "OpenClosePrencible\OpenClosePrincible.csproj", "{B5311BA3-CAF2-4E0A-8B45-344E9EB6C293}"
EndProject
Project("{9A19103F-16F7-4668-BE54-9A1E7A4F7556}") = "LiskovPrincible", "LiskovPrincible\LiskovPrincible.csproj", "{C47EE98C-F438-4587-A578-C352792709B0}"
EndProject
Project("{9A19103F-16F7-4668-BE54-9A1E7A4F7556}") = "DRYPrincible", "DRYPrincible\DRYPrincible.csproj", "{DD2C8314-4B5F-4EB2-805A-0D5168AE79F8}"
EndProject
Project("{9A19103F-16F7-4668-BE54-9A1E7A4F7556}") = "KISSPrincible", "KISSPrincible\KISSPrincible.csproj", "{AAACC300-3962-433A-AE6A-23DA26AC7134}"
EndProject
Project("{9A19103F-16F7-4668-BE54-9A1E7A4F7556}") = "YAGNIPrincible", "YAGNIPrincible\YAGNIPrincible.csproj", "{CF2011C1-9B4A-4390-A16B-94575AE3F170}"
EndProject
Project("{9A19103F-16F7-4668-BE54-9A1E7A4F7556}") = "CommonClosurePrincible", "CommonClosurePrincible\CommonClosurePrincible.csproj", "{B7AF4DBC-539D-406A-BEE3-ED0CED4D6624}"
EndProject
Project("{9A19103F-16F7-4668-BE54-9A1E7A4F7556}") = "Chess", "Chess\Chess.csproj", "{BBEA7163-2C45-4AC3-A046-232A3B4E7524}"
EndProject
Project("{9A19103F-16F7-4668-BE54-9A1E7A4F7556}") = "Common", "Common\Common.csproj", "{60F97427-738B-4413-A578-79E5D3201B36}"
EndProject
Project("{2150E333-8FDC-42A3-9474-1A3956D46DE8}") = "Princibles", "Princibles", "{8E15A947-F042-41D1-8347-2EFC3E7B51D4}"
EndProject
Project("{2150E333-8FDC-42A3-9474-1A3956D46DE8}") = "GOF Patterns", "GOF Patterns", "{DB75FA51-CBF1-4C98-846B-200A659C33C5}"
EndProject
Project("{2150E333-8FDC-42A3-9474-1A3956D46DE8}") = "ObjectOrientedExample", "ObjectOrientedExample", "{01EDDADD-3FEB-49B0-B06C-091E05A42F3D}"
EndProject
Project("{9A19103F-16F7-4668-BE54-9A1E7A4F7556}") = "Singleton", "Singleton\Singleton.csproj", "{40DEEAB5-49CE-4112-B00A-C2764036B226}"
EndProject
Project("{9A19103F-16F7-4668-BE54-9A1E7A4F7556}") = "FactoryPattern", "FactoryPattern\FactoryPattern.csproj", "{3800A666-AF83-42CB-9206-F9B7826F71E7}"
EndProject
Project("{9A19103F-16F7-4668-BE54-9A1E7A4F7556}") = "AbstractFactoryPattern", "AbstractFactoryPattern\AbstractFactoryPattern.csproj", "{E3A02894-3FA6-4E41-9701-BA37BBF2B056}"
EndProject
Project("{9A19103F-16F7-4668-BE54-9A1E7A4F7556}") = "BuilderPattern", "BuilderPattern\BuilderPattern.csproj", "{51B223CA-9BC3-4068-8E7C-B658B0D2DC4A}"
EndProject
Project("{2150E333-8FDC-42A3-9474-1A3956D46DE8}") = "CreationalGofs", "CreationalGofs", "{ED273B13-8072-4D8B-A004-AB7A07423C01}"
EndProject
Project("{9A19103F-16F7-4668-BE54-9A1E7A4F7556}") = "PrototypePattern", "PrototaypePattern\PrototypePattern.csproj", "{5C839C27-EB03-4E0A-88A6-BA02BAE35714}"
EndProject
Project("{2150E333-8FDC-42A3-9474-1A3956D46DE8}") = "StructuralGofs", "StructuralGofs", "{499B7592-E104-4A75-9997-8A3C1C4CAEBA}"
EndProject
Project("{FAE04EC0-301F-11D3-BF4B-00C04F79EFBC}") = "AdapterGof", "AdapterGof\AdapterGof.csproj", "{FE5E88C3-F884-4968-8560-E29CA8519B84}"
EndProject
Project("{FAE04EC0-301F-11D3-BF4B-00C04F79EFBC}") = "BridgeGof", "BridgeGof\BridgeGof.csproj", "{B536424B-2FC5-45FC-9BAF-D25DCBD60091}"
EndProject
Project("{FAE04EC0-301F-11D3-BF4B-00C04F79EFBC}") = "CompositeGof", "CompositeGof\CompositeGof.csproj", "{CC77D2F1-7AF0-40F6-95EC-2781ADBEA4A5}"
EndProject
Project("{FAE04EC0-301F-11D3-BF4B-00C04F79EFBC}") = "DecaratorGof", "DecaratorGof\DecaratorGof.csproj", "{F27E985A-B99E-4C38-88CE-F6EC08A0B150}"
EndProject
Project("{FAE04EC0-301F-11D3-BF4B-00C04F79EFBC}") = "FacadeGof", "FacadeGof\FacadeGof.csproj", "{9A36B5FB-B1B4-4F3C-914B-C1C24E9815BA}"
EndProject
Global
	GlobalSection(SolutionConfigurationPlatforms) = preSolution
		Debug|Any CPU = Debug|Any CPU
		Release|Any CPU = Release|Any CPU
	EndGlobalSection
	GlobalSection(ProjectConfigurationPlatforms) = postSolution
		{BB7A2E01-D126-45DA-95BA-1B207A662855}.Debug|Any CPU.ActiveCfg = Debug|Any CPU
		{BB7A2E01-D126-45DA-95BA-1B207A662855}.Debug|Any CPU.Build.0 = Debug|Any CPU
		{BB7A2E01-D126-45DA-95BA-1B207A662855}.Release|Any CPU.ActiveCfg = Release|Any CPU
		{BB7A2E01-D126-45DA-95BA-1B207A662855}.Release|Any CPU.Build.0 = Release|Any CPU
		{3A8758D6-69A0-46FD-A9B2-CC409FD4A125}.Debug|Any CPU.ActiveCfg = Debug|Any CPU
		{3A8758D6-69A0-46FD-A9B2-CC409FD4A125}.Debug|Any CPU.Build.0 = Debug|Any CPU
		{3A8758D6-69A0-46FD-A9B2-CC409FD4A125}.Release|Any CPU.ActiveCfg = Release|Any CPU
		{3A8758D6-69A0-46FD-A9B2-CC409FD4A125}.Release|Any CPU.Build.0 = Release|Any CPU
		{B5311BA3-CAF2-4E0A-8B45-344E9EB6C293}.Debug|Any CPU.ActiveCfg = Debug|Any CPU
		{B5311BA3-CAF2-4E0A-8B45-344E9EB6C293}.Debug|Any CPU.Build.0 = Debug|Any CPU
		{B5311BA3-CAF2-4E0A-8B45-344E9EB6C293}.Release|Any CPU.ActiveCfg = Release|Any CPU
		{B5311BA3-CAF2-4E0A-8B45-344E9EB6C293}.Release|Any CPU.Build.0 = Release|Any CPU
		{C47EE98C-F438-4587-A578-C352792709B0}.Debug|Any CPU.ActiveCfg = Debug|Any CPU
		{C47EE98C-F438-4587-A578-C352792709B0}.Debug|Any CPU.Build.0 = Debug|Any CPU
		{C47EE98C-F438-4587-A578-C352792709B0}.Release|Any CPU.ActiveCfg = Release|Any CPU
		{C47EE98C-F438-4587-A578-C352792709B0}.Release|Any CPU.Build.0 = Release|Any CPU
		{DD2C8314-4B5F-4EB2-805A-0D5168AE79F8}.Debug|Any CPU.ActiveCfg = Debug|Any CPU
		{DD2C8314-4B5F-4EB2-805A-0D5168AE79F8}.Debug|Any CPU.Build.0 = Debug|Any CPU
		{DD2C8314-4B5F-4EB2-805A-0D5168AE79F8}.Release|Any CPU.ActiveCfg = Release|Any CPU
		{DD2C8314-4B5F-4EB2-805A-0D5168AE79F8}.Release|Any CPU.Build.0 = Release|Any CPU
		{AAACC300-3962-433A-AE6A-23DA26AC7134}.Debug|Any CPU.ActiveCfg = Debug|Any CPU
		{AAACC300-3962-433A-AE6A-23DA26AC7134}.Debug|Any CPU.Build.0 = Debug|Any CPU
		{AAACC300-3962-433A-AE6A-23DA26AC7134}.Release|Any CPU.ActiveCfg = Release|Any CPU
		{AAACC300-3962-433A-AE6A-23DA26AC7134}.Release|Any CPU.Build.0 = Release|Any CPU
		{CF2011C1-9B4A-4390-A16B-94575AE3F170}.Debug|Any CPU.ActiveCfg = Debug|Any CPU
		{CF2011C1-9B4A-4390-A16B-94575AE3F170}.Debug|Any CPU.Build.0 = Debug|Any CPU
		{CF2011C1-9B4A-4390-A16B-94575AE3F170}.Release|Any CPU.ActiveCfg = Release|Any CPU
		{CF2011C1-9B4A-4390-A16B-94575AE3F170}.Release|Any CPU.Build.0 = Release|Any CPU
		{B7AF4DBC-539D-406A-BEE3-ED0CED4D6624}.Debug|Any CPU.ActiveCfg = Debug|Any CPU
		{B7AF4DBC-539D-406A-BEE3-ED0CED4D6624}.Debug|Any CPU.Build.0 = Debug|Any CPU
		{B7AF4DBC-539D-406A-BEE3-ED0CED4D6624}.Release|Any CPU.ActiveCfg = Release|Any CPU
		{B7AF4DBC-539D-406A-BEE3-ED0CED4D6624}.Release|Any CPU.Build.0 = Release|Any CPU
		{BBEA7163-2C45-4AC3-A046-232A3B4E7524}.Debug|Any CPU.ActiveCfg = Debug|Any CPU
		{BBEA7163-2C45-4AC3-A046-232A3B4E7524}.Debug|Any CPU.Build.0 = Debug|Any CPU
		{BBEA7163-2C45-4AC3-A046-232A3B4E7524}.Release|Any CPU.ActiveCfg = Release|Any CPU
		{BBEA7163-2C45-4AC3-A046-232A3B4E7524}.Release|Any CPU.Build.0 = Release|Any CPU
		{60F97427-738B-4413-A578-79E5D3201B36}.Debug|Any CPU.ActiveCfg = Debug|Any CPU
		{60F97427-738B-4413-A578-79E5D3201B36}.Debug|Any CPU.Build.0 = Debug|Any CPU
		{60F97427-738B-4413-A578-79E5D3201B36}.Release|Any CPU.ActiveCfg = Release|Any CPU
		{60F97427-738B-4413-A578-79E5D3201B36}.Release|Any CPU.Build.0 = Release|Any CPU
		{40DEEAB5-49CE-4112-B00A-C2764036B226}.Debug|Any CPU.ActiveCfg = Debug|Any CPU
		{40DEEAB5-49CE-4112-B00A-C2764036B226}.Debug|Any CPU.Build.0 = Debug|Any CPU
		{40DEEAB5-49CE-4112-B00A-C2764036B226}.Release|Any CPU.ActiveCfg = Release|Any CPU
		{40DEEAB5-49CE-4112-B00A-C2764036B226}.Release|Any CPU.Build.0 = Release|Any CPU
		{3800A666-AF83-42CB-9206-F9B7826F71E7}.Debug|Any CPU.ActiveCfg = Debug|Any CPU
		{3800A666-AF83-42CB-9206-F9B7826F71E7}.Debug|Any CPU.Build.0 = Debug|Any CPU
		{3800A666-AF83-42CB-9206-F9B7826F71E7}.Release|Any CPU.ActiveCfg = Release|Any CPU
		{3800A666-AF83-42CB-9206-F9B7826F71E7}.Release|Any CPU.Build.0 = Release|Any CPU
		{E3A02894-3FA6-4E41-9701-BA37BBF2B056}.Debug|Any CPU.ActiveCfg = Debug|Any CPU
		{E3A02894-3FA6-4E41-9701-BA37BBF2B056}.Debug|Any CPU.Build.0 = Debug|Any CPU
		{E3A02894-3FA6-4E41-9701-BA37BBF2B056}.Release|Any CPU.ActiveCfg = Release|Any CPU
		{E3A02894-3FA6-4E41-9701-BA37BBF2B056}.Release|Any CPU.Build.0 = Release|Any CPU
		{51B223CA-9BC3-4068-8E7C-B658B0D2DC4A}.Debug|Any CPU.ActiveCfg = Debug|Any CPU
		{51B223CA-9BC3-4068-8E7C-B658B0D2DC4A}.Debug|Any CPU.Build.0 = Debug|Any CPU
		{51B223CA-9BC3-4068-8E7C-B658B0D2DC4A}.Release|Any CPU.ActiveCfg = Release|Any CPU
		{51B223CA-9BC3-4068-8E7C-B658B0D2DC4A}.Release|Any CPU.Build.0 = Release|Any CPU
		{5C839C27-EB03-4E0A-88A6-BA02BAE35714}.Debug|Any CPU.ActiveCfg = Debug|Any CPU
		{5C839C27-EB03-4E0A-88A6-BA02BAE35714}.Debug|Any CPU.Build.0 = Debug|Any CPU
		{5C839C27-EB03-4E0A-88A6-BA02BAE35714}.Release|Any CPU.ActiveCfg = Release|Any CPU
		{5C839C27-EB03-4E0A-88A6-BA02BAE35714}.Release|Any CPU.Build.0 = Release|Any CPU
		{FE5E88C3-F884-4968-8560-E29CA8519B84}.Debug|Any CPU.ActiveCfg = Debug|Any CPU
		{FE5E88C3-F884-4968-8560-E29CA8519B84}.Debug|Any CPU.Build.0 = Debug|Any CPU
		{FE5E88C3-F884-4968-8560-E29CA8519B84}.Release|Any CPU.ActiveCfg = Release|Any CPU
		{FE5E88C3-F884-4968-8560-E29CA8519B84}.Release|Any CPU.Build.0 = Release|Any CPU
		{B536424B-2FC5-45FC-9BAF-D25DCBD60091}.Debug|Any CPU.ActiveCfg = Debug|Any CPU
		{B536424B-2FC5-45FC-9BAF-D25DCBD60091}.Debug|Any CPU.Build.0 = Debug|Any CPU
		{B536424B-2FC5-45FC-9BAF-D25DCBD60091}.Release|Any CPU.ActiveCfg = Release|Any CPU
		{B536424B-2FC5-45FC-9BAF-D25DCBD60091}.Release|Any CPU.Build.0 = Release|Any CPU
		{CC77D2F1-7AF0-40F6-95EC-2781ADBEA4A5}.Debug|Any CPU.ActiveCfg = Debug|Any CPU
		{CC77D2F1-7AF0-40F6-95EC-2781ADBEA4A5}.Debug|Any CPU.Build.0 = Debug|Any CPU
		{CC77D2F1-7AF0-40F6-95EC-2781ADBEA4A5}.Release|Any CPU.ActiveCfg = Release|Any CPU
		{CC77D2F1-7AF0-40F6-95EC-2781ADBEA4A5}.Release|Any CPU.Build.0 = Release|Any CPU
		{F27E985A-B99E-4C38-88CE-F6EC08A0B150}.Debug|Any CPU.ActiveCfg = Debug|Any CPU
		{F27E985A-B99E-4C38-88CE-F6EC08A0B150}.Debug|Any CPU.Build.0 = Debug|Any CPU
		{F27E985A-B99E-4C38-88CE-F6EC08A0B150}.Release|Any CPU.ActiveCfg = Release|Any CPU
		{F27E985A-B99E-4C38-88CE-F6EC08A0B150}.Release|Any CPU.Build.0 = Release|Any CPU
		{9A36B5FB-B1B4-4F3C-914B-C1C24E9815BA}.Debug|Any CPU.ActiveCfg = Debug|Any CPU
		{9A36B5FB-B1B4-4F3C-914B-C1C24E9815BA}.Debug|Any CPU.Build.0 = Debug|Any CPU
		{9A36B5FB-B1B4-4F3C-914B-C1C24E9815BA}.Release|Any CPU.ActiveCfg = Release|Any CPU
		{9A36B5FB-B1B4-4F3C-914B-C1C24E9815BA}.Release|Any CPU.Build.0 = Release|Any CPU
	EndGlobalSection
	GlobalSection(SolutionProperties) = preSolution
		HideSolutionNode = FALSE
	EndGlobalSection
	GlobalSection(NestedProjects) = preSolution
		{3A8758D6-69A0-46FD-A9B2-CC409FD4A125} = {8E15A947-F042-41D1-8347-2EFC3E7B51D4}
		{B5311BA3-CAF2-4E0A-8B45-344E9EB6C293} = {8E15A947-F042-41D1-8347-2EFC3E7B51D4}
		{C47EE98C-F438-4587-A578-C352792709B0} = {8E15A947-F042-41D1-8347-2EFC3E7B51D4}
		{DD2C8314-4B5F-4EB2-805A-0D5168AE79F8} = {8E15A947-F042-41D1-8347-2EFC3E7B51D4}
		{AAACC300-3962-433A-AE6A-23DA26AC7134} = {8E15A947-F042-41D1-8347-2EFC3E7B51D4}
		{CF2011C1-9B4A-4390-A16B-94575AE3F170} = {8E15A947-F042-41D1-8347-2EFC3E7B51D4}
		{B7AF4DBC-539D-406A-BEE3-ED0CED4D6624} = {8E15A947-F042-41D1-8347-2EFC3E7B51D4}
		{BBEA7163-2C45-4AC3-A046-232A3B4E7524} = {01EDDADD-3FEB-49B0-B06C-091E05A42F3D}
		{40DEEAB5-49CE-4112-B00A-C2764036B226} = {ED273B13-8072-4D8B-A004-AB7A07423C01}
		{3800A666-AF83-42CB-9206-F9B7826F71E7} = {ED273B13-8072-4D8B-A004-AB7A07423C01}
		{E3A02894-3FA6-4E41-9701-BA37BBF2B056} = {ED273B13-8072-4D8B-A004-AB7A07423C01}
		{51B223CA-9BC3-4068-8E7C-B658B0D2DC4A} = {ED273B13-8072-4D8B-A004-AB7A07423C01}
		{ED273B13-8072-4D8B-A004-AB7A07423C01} = {DB75FA51-CBF1-4C98-846B-200A659C33C5}
		{5C839C27-EB03-4E0A-88A6-BA02BAE35714} = {ED273B13-8072-4D8B-A004-AB7A07423C01}
		{499B7592-E104-4A75-9997-8A3C1C4CAEBA} = {DB75FA51-CBF1-4C98-846B-200A659C33C5}
		{FE5E88C3-F884-4968-8560-E29CA8519B84} = {499B7592-E104-4A75-9997-8A3C1C4CAEBA}
		{B536424B-2FC5-45FC-9BAF-D25DCBD60091} = {499B7592-E104-4A75-9997-8A3C1C4CAEBA}
		{CC77D2F1-7AF0-40F6-95EC-2781ADBEA4A5} = {499B7592-E104-4A75-9997-8A3C1C4CAEBA}
		{F27E985A-B99E-4C38-88CE-F6EC08A0B150} = {499B7592-E104-4A75-9997-8A3C1C4CAEBA}
		{9A36B5FB-B1B4-4F3C-914B-C1C24E9815BA} = {499B7592-E104-4A75-9997-8A3C1C4CAEBA}
	EndGlobalSection
	GlobalSection(ExtensibilityGlobals) = postSolution
		SolutionGuid = {8C52BA56-D5B9-4010-BC7D-756C4D315454}
	EndGlobalSection
EndGlobal
