
Microsoft Visual Studio Solution File, Format Version 12.00
# Visual Studio Version 17
VisualStudioVersion = 17.0.31903.59
MinimumVisualStudioVersion = 10.0.40219.1
Project("{FAE04EC0-301F-11D3-BF4B-00C04F79EFBC}") = "ExperienceConsole", "ExperienceConsole\ExperienceConsole.csproj", "{BB7A2E01-D126-45DA-95BA-1B207A662855}"
EndProject
Project("{FAE04EC0-301F-11D3-BF4B-00C04F79EFBC}") = "SingleResponsibility", "SingleResponsibility\SingleResponsibility.csproj", "{3A8758D6-69A0-46FD-A9B2-CC409FD4A125}"
EndProject
Global
	GlobalSection(SolutionConfigurationPlatforms) = preSolution
		Debug|Any CPU = Debug|Any CPU
		Release|Any CPU = Release|Any CPU
	EndGlobalSection
	GlobalSection(ProjectConfigurationPlatforms) = postSolution
		{BB7A2E01-D126-45DA-95BA-1B207A662855}.Debug|Any CPU.ActiveCfg = Debug|Any CPU
		{BB7A2E01-D126-45DA-95BA-1B207A662855}.Debug|Any CPU.Build.0 = Debug|Any CPU
		{BB7A2E01-D126-45DA-95BA-1B207A662855}.Release|Any CPU.ActiveCfg = Release|Any CPU
		{BB7A2E01-D126-45DA-95BA-1B207A662855}.Release|Any CPU.Build.0 = Release|Any CPU
		{3A8758D6-69A0-46FD-A9B2-CC409FD4A125}.Debug|Any CPU.ActiveCfg = Debug|Any CPU
		{3A8758D6-69A0-46FD-A9B2-CC409FD4A125}.Debug|Any CPU.Build.0 = Debug|Any CPU
		{3A8758D6-69A0-46FD-A9B2-CC409FD4A125}.Release|Any CPU.ActiveCfg = Release|Any CPU
		{3A8758D6-69A0-46FD-A9B2-CC409FD4A125}.Release|Any CPU.Build.0 = Release|Any CPU
	EndGlobalSection
	GlobalSection(SolutionProperties) = preSolution
		HideSolutionNode = FALSE
	EndGlobalSection
	GlobalSection(ExtensibilityGlobals) = postSolution
		SolutionGuid = {8C52BA56-D5B9-4010-BC7D-756C4D315454}
	EndGlobalSection
EndGlobal
